
Microsoft Visual Studio Solution File, Format Version 12.00
# Visual Studio Version 16
VisualStudioVersion = 16.0.30204.135
MinimumVisualStudioVersion = 10.0.40219.1
Project("{FAE04EC0-301F-11D3-BF4B-00C04F79EFBC}") = "MyMVCDemo1", "MyMVCDemo1\MyMVCDemo1.csproj", "{E0226ED1-5B46-4D8E-8EA6-8E615B9FC425}"
EndProject
Project("{FAE04EC0-301F-11D3-BF4B-00C04F79EFBC}") = "MyMVCDemo2", "MyMVCDemo2\MyMVCDemo2.csproj", "{54518D02-3BAB-4793-8C39-F706353CE118}"
EndProject
Global
	GlobalSection(SolutionConfigurationPlatforms) = preSolution
		Debug|Any CPU = Debug|Any CPU
		Release|Any CPU = Release|Any CPU
	EndGlobalSection
	GlobalSection(ProjectConfigurationPlatforms) = postSolution
		{E0226ED1-5B46-4D8E-8EA6-8E615B9FC425}.Debug|Any CPU.ActiveCfg = Debug|Any CPU
		{E0226ED1-5B46-4D8E-8EA6-8E615B9FC425}.Debug|Any CPU.Build.0 = Debug|Any CPU
		{E0226ED1-5B46-4D8E-8EA6-8E615B9FC425}.Release|Any CPU.ActiveCfg = Release|Any CPU
		{E0226ED1-5B46-4D8E-8EA6-8E615B9FC425}.Release|Any CPU.Build.0 = Release|Any CPU
		{54518D02-3BAB-4793-8C39-F706353CE118}.Debug|Any CPU.ActiveCfg = Debug|Any CPU
		{54518D02-3BAB-4793-8C39-F706353CE118}.Debug|Any CPU.Build.0 = Debug|Any CPU
		{54518D02-3BAB-4793-8C39-F706353CE118}.Release|Any CPU.ActiveCfg = Release|Any CPU
		{54518D02-3BAB-4793-8C39-F706353CE118}.Release|Any CPU.Build.0 = Release|Any CPU
	EndGlobalSection
	GlobalSection(SolutionProperties) = preSolution
		HideSolutionNode = FALSE
	EndGlobalSection
	GlobalSection(ExtensibilityGlobals) = postSolution
		SolutionGuid = {EF32491D-38A3-448D-9742-852069FE7BA8}
	EndGlobalSection
EndGlobal
